<?xml version="1.0" encoding="UTF-8"?>
<Scheme
   version = "1.3">
   <BuildAction>
      <BuildActionEntries>
         <BuildActionEntry
            buildForRunning = "YES">
            <BuildableReference
               BuildableIdentifier = "primary"
               BlueprintIdentifier = "F30928124CE17FD633F5BD46"
               BuildableName = "AudioStreamManager"
               BlueprintName = "AudioStreamManager"
               ReferencedContainer = "container:AudioStreamManager.xcodeproj">
            </BuildableReference>
         </BuildActionEntry>
      </BuildActionEntries>
   </BuildAction>
   <LaunchAction
      useCustomWorkingDirectory = "NO"
      buildConfiguration = "Debug">
      <BuildableProductRunnable>
         <BuildableReference
            BuildableIdentifier = "primary"
            BlueprintIdentifier = "F30928124CE17FD633F5BD46"
            BuildableName = "AudioStreamManager"
            BlueprintName = "AudioStreamManager"
            ReferencedContainer = "container:AudioStreamManager.xcodeproj">
         </BuildableReference>
      </BuildableProductRunnable>
   </LaunchAction>
</Scheme>
